PODS:
  - Alamofire (4.5.1)
  - AlamofireImage (3.3.0):
    - Alamofire (~> 4.5)
  - DZNEmptyDataSet (1.8.1)
  - Hero (1.0.0)
  - ImagePicker (3.0.0)
  - IQKeyboardManagerSwift (5.0.4)
  - JWTDecode (2.1.1)
  - Locksmith (4.0.0)
  - MBProgressHUD (1.0.0)
  - NibDesignable (3.0.0)
  - RKDropdownAlert (0.3.0)
  - RSKImageCropper (1.6.3)
  - SkyFloatingLabelTextField (3.3.0)
  - SlideMenuControllerSwift (4.0.0)
  - SwiftDate (4.4.2)
  - SwiftIcons (2.0.1)
  - SwiftyJSON (3.1.4)
  - SwiftyUserDefaults (3.0.0)
  - XLPagerTabStrip (8.0.0)

DEPENDENCIES:
  - Alamofire
  - AlamofireImage
  - DZNEmptyDataSet
  - Hero (= 1.0.0)
  - ImagePicker
  - IQKeyboardManagerSwift
  - JWTDecode
  - Locksmith
  - MBProgressHUD
  - NibDesignable (from `https://github.com/dzzh/NibDesignable.git`, branch `great-swift4`)
  - RKDropdownAlert
  - RSKImageCropper
  - SkyFloatingLabelTextField
  - SlideMenuControllerSwift
  - SwiftDate
  - SwiftIcons
  - SwiftyJSON
  - SwiftyUserDefaults
  - XLPagerTabStrip

EXTERNAL SOURCES:
  NibDesignable:
    :branch: great-swift4
    :git: https://github.com/dzzh/NibDesignable.git

CHECKOUT OPTIONS:
  NibDesignable:
    :commit: d483f63015b6f34670ff8302a75049735cbb2ee0
    :git: https://github.com/dzzh/NibDesignable.git

SPEC CHECKSUMS:
  Alamofire: 2d95912bf4c34f164fdfc335872e8c312acaea4a
  AlamofireImage: 2e784dc5d00f04903a52c1d169181469c805c3df
  DZNEmptyDataSet: 9525833b9e68ac21c30253e1d3d7076cc828eaa7
  Hero: 18e7cf8af41c04c8532d1430ac174004a9365c87
  ImagePicker: 973953c25960fe04729a7082a56194321c6762d2
  IQKeyboardManagerSwift: a0592bb636b10a9a1cf75d2b2c61144226226c84
  JWTDecode: 83e8b381aafe27158d9f692cbdca2b12d61d460c
  Locksmith: e9bebbaaa4cee3c511bc358a44f843c3fe00e21f
  MBProgressHUD: 4890f671c94e8a0f3cf959aa731e9de2f036d71a
  NibDesignable: 6ccf1e54135cb05be0a78f803b9a8d78125a7d6d
  RKDropdownAlert: f4b3364c251829ad439dc666836a1f2dad26f4c7
  RSKImageCropper: 356e36fc58c57c371b5d8b23d603936d6a73df6c
  SkyFloatingLabelTextField: 771be94beca6868a6cea187f70c965ebd81d2f93
  SlideMenuControllerSwift: 021d6318201c53d4d4d3710517d43d6c556c7dd0
  SwiftDate: 131cf2f09b390f0a07f0099e36005ffe2fbf4c7e
  SwiftIcons: e475a56ae2c2da40672dbf16061ca5dd5cee7dbb
  SwiftyJSON: c2842d878f95482ffceec5709abc3d05680c0220
  SwiftyUserDefaults: 0f1d45fc3aafb9064dac661e367f8f83fe21a4b4
  XLPagerTabStrip: d1ab378af0923320ec0b5eab11d7b2f803d31261

PODFILE CHECKSUM: c08b85570c7c1e25976e24a94e31307fcb89b7b6

COCOAPODS: 1.4.0
