PODS:
  - Alamofire (4.5.0)
  - AlamofireImage (3.2.0):
    - Alamofire (~> 4.1)
  - DZNEmptyDataSet (1.8.1)
  - Hero (1.0.0-alpha.5)
  - ImagePicker (2.1.1)
  - IQKeyboardManagerSwift (4.0.6)
  - JWTDecode (2.0.0)
  - Locksmith (3.0.0)
  - MBProgressHUD (1.0.0)
  - NibDesignable (3.0.0)
  - RKDropdownAlert (0.3.0)
  - RSKImageCropper (1.6.3)
  - SkyFloatingLabelTextField (2.0.1)
  - SlideMenuControllerSwift (3.0.1)
  - SwiftDate (4.1.7)
  - SwiftIcons (1.5.1)
  - SwiftyJSON (3.1.4)
  - SwiftyUserDefaults (3.0.0)
  - XLPagerTabStrip (7.0.0)

DEPENDENCIES:
  - Alamofire (~> 4.4)
  - AlamofireImage (~> 3.1)
  - DZNEmptyDataSet
  - Hero (from `https://github.com/lkzhao/Hero.git`, branch `master`)
  - ImagePicker
  - IQKeyboardManagerSwift (= 4.0.6)
  - JWTDecode
  - Locksmith
  - MBProgressHUD (~> 1.0.0)
  - NibDesignable
  - RKDropdownAlert
  - RSKImageCropper
  - SkyFloatingLabelTextField (~> 2.0.0)
  - SlideMenuControllerSwift
  - SwiftDate (~> 4.0)
  - SwiftIcons (~> 1.5.1)
  - SwiftyJSON
  - SwiftyUserDefaults
  - XLPagerTabStrip (~> 7.0)

EXTERNAL SOURCES:
  Hero:
    :branch: master
    :git: https://github.com/lkzhao/Hero.git

CHECKOUT OPTIONS:
  Hero:
    :commit: 03d8f457284bcc9797574bcb42e5e5e68777e03f
    :git: https://github.com/lkzhao/Hero.git

SPEC CHECKSUMS:
  Alamofire: f28cdffd29de33a7bfa022cbd63ae95a27fae140
  AlamofireImage: 157ed682cc81d3b9db4fb90c1f12180ac552d93b
  DZNEmptyDataSet: 9525833b9e68ac21c30253e1d3d7076cc828eaa7
  Hero: 077b71aaa08f73d6df4d74ddcdb8ea5ffe96284f
  ImagePicker: fe4c699abb56ff03994fa98d8b02e3883ee118be
  IQKeyboardManagerSwift: b3015e819559ca76381f87a0833f44d178564603
  JWTDecode: 178e47e5d28d3abcff778bacced8342858cd6cb5
  Locksmith: 310b4cc5031af5728bf4db5d4de547a5100c6a3b
  MBProgressHUD: 4890f671c94e8a0f3cf959aa731e9de2f036d71a
  NibDesignable: 6ccf1e54135cb05be0a78f803b9a8d78125a7d6d
  RKDropdownAlert: f4b3364c251829ad439dc666836a1f2dad26f4c7
  RSKImageCropper: 356e36fc58c57c371b5d8b23d603936d6a73df6c
  SkyFloatingLabelTextField: 070e749632ffd608d6fd9db3fa488a822524997c
  SlideMenuControllerSwift: 9a163b16d54afab734add42858cba7ef7c307755
  SwiftDate: 029be76691ee89176da3a46c7df3415b6734bc5b
  SwiftIcons: 287593643898af5a9ef16be4b1f9cf91a436cbc7
  SwiftyJSON: c2842d878f95482ffceec5709abc3d05680c0220
  SwiftyUserDefaults: 0f1d45fc3aafb9064dac661e367f8f83fe21a4b4
  XLPagerTabStrip: 9be80a66c6b7d60306b2c0a6004965016d68f813

PODFILE CHECKSUM: dc20e8e22af84135bcf685d8e7448a51acc865f9

COCOAPODS: 1.2.1
